{
  "name": "betterroad-server",
  "version": "1.0.0",
  "lockfileVersion": 3,
  "requires": true,
  "packages": {
    "": {
      "name": "betterroad-server",
      "version": "1.0.0",
      "license": "MIT",
      "dependencies": {
        "@supabase/supabase-js": "^2.76.1",
        "bcrypt": "^6.0.0",
        "bcryptjs": "^2.4.3",
        "cloudinary": "^2.8.0",
        "compression": "^1.7.4",
        "cookie-parser": "^1.4.7",
        "cors": "^2.8.5",
        "dotenv": "^16.6.1",
        "express": "^4.21.2",
        "express-validator": "^7.0.1",
        "helmet": "^7.1.0",
        "jsonwebtoken": "^9.0.2",
        "morgan": "^1.10.0",
        "multer": "1.4.5-lts.2",
        "pg": "^8.16.3",
        "reflect-metadata": "^0.2.2",
        "streamifier": "^0.1.1",
        "typeorm": "^0.3.27"
      },
      "devDependencies": {
        "@types/node": "^24.9.2",
        "husky": "^9.1.7",
        "nodemon": "^3.1.10"
      }
    },
    "../node_modules/.pnpm/@supabase+supabase-js@2.81.1/node_modules/@supabase/supabase-js": {
      "version": "2.81.1",
      "license": "MIT",
      "dependencies": {
        "@supabase/auth-js": "2.81.1",
        "@supabase/functions-js": "2.81.1",
        "@supabase/postgrest-js": "2.81.1",
        "@supabase/realtime-js": "2.81.1",
        "@supabase/storage-js": "2.81.1"
      },
      "devDependencies": {
        "jsr": "^0.13.5",
        "puppeteer": "^24.9.0",
        "serve": "^14.2.1",
        "ts-loader": "^9.5.4",
        "tsd": "^0.30.4",
        "webpack": "^5.69.1",
        "webpack-cli": "^4.9.2"
      },
      "engines": {
        "node": ">=20.0.0"
      }
    },
    "../node_modules/.pnpm/@types+node@24.10.1/node_modules/@types/node": {
      "version": "24.10.1",
      "dev": true,
      "license": "MIT",
      "dependencies": {
        "undici-types": "~7.16.0"
      }
    },
    "../node_modules/.pnpm/bcrypt@6.0.0/node_modules/bcrypt": {
      "version": "6.0.0",
      "hasInstallScript": true,
      "license": "MIT",
      "dependencies": {
        "node-addon-api": "^8.3.0",
        "node-gyp-build": "^4.8.4"
      },
      "devDependencies": {
        "jest": "^29.7.0",
        "prebuildify": "^6.0.1"
      },
      "engines": {
        "node": ">= 18"
      }
    },
    "../node_modules/.pnpm/bcryptjs@2.4.3/node_modules/bcryptjs": {
      "version": "2.4.3",
      "license": "MIT",
      "devDependencies": {
        "bcrypt": "latest",
        "closurecompiler": "~1",
        "metascript": "~0.18",
        "testjs": "~1",
        "utfx": "~1"
      }
    },
    "../node_modules/.pnpm/compression@1.8.1/node_modules/compression": {
      "version": "1.8.1",
      "license": "MIT",
      "dependencies": {
        "bytes": "3.1.2",
        "compressible": "~2.0.18",
        "debug": "2.6.9",
        "negotiator": "~0.6.4",
        "on-headers": "~1.1.0",
        "safe-buffer": "5.2.1",
        "vary": "~1.1.2"
      },
      "devDependencies": {
        "after": "0.8.2",
        "eslint": "7.32.0",
        "eslint-config-standard": "14.1.1",
        "eslint-plugin-import": "2.32.0",
        "eslint-plugin-markdown": "2.2.1",
        "eslint-plugin-node": "11.1.0",
        "eslint-plugin-promise": "5.2.0",
        "eslint-plugin-standard": "4.1.0",
        "mocha": "9.2.2",
        "nyc": "15.1.0",
        "supertest": "6.3.4"
      },
      "engines": {
        "node": ">= 0.8.0"
      }
    },
    "../node_modules/.pnpm/cookie-parser@1.4.7/node_modules/cookie-parser": {
      "version": "1.4.7",
      "license": "MIT",
      "dependencies": {
        "cookie": "0.7.2",
        "cookie-signature": "1.0.6"
      },
      "devDependencies": {
        "eslint": "7.32.0",
        "eslint-config-standard": "14.1.1",
        "eslint-plugin-import": "2.25.2",
        "eslint-plugin-markdown": "2.2.1",
        "eslint-plugin-node": "11.1.0",
        "eslint-plugin-promise": "4.3.1",
        "eslint-plugin-standard": "4.1.0",
        "mocha": "9.2.1",
        "nyc": "15.1.0",
        "supertest": "6.1.6"
      },
      "engines": {
        "node": ">= 0.8.0"
      }
    },
    "../node_modules/.pnpm/cors@2.8.5/node_modules/cors": {
      "version": "2.8.5",
      "license": "MIT",
      "dependencies": {
        "object-assign": "^4",
        "vary": "^1"
      },
      "devDependencies": {
        "after": "0.8.2",
        "eslint": "2.13.1",
        "express": "4.16.3",
        "mocha": "5.2.0",
        "nyc": "13.1.0",
        "supertest": "3.3.0"
      },
      "engines": {
        "node": ">= 0.10"
      }
    },
    "../node_modules/.pnpm/dotenv@16.6.1/node_modules/dotenv": {
      "version": "16.6.1",
      "license": "BSD-2-Clause",
      "devDependencies": {
        "@types/node": "^18.11.3",
        "decache": "^4.6.2",
        "sinon": "^14.0.1",
        "standard": "^17.0.0",
        "standard-version": "^9.5.0",
        "tap": "^19.2.0",
        "typescript": "^4.8.4"
      },
      "engines": {
        "node": ">=12"
      },
      "funding": {
        "url": "https://dotenvx.com"
      }
    },
    "../node_modules/.pnpm/express-validator@7.3.0/node_modules/express-validator": {
      "version": "7.3.0",
      "license": "MIT",
      "dependencies": {
        "lodash": "^4.17.21",
        "validator": "~13.15.15"
      },
      "devDependencies": {
        "@docusaurus/core": "^3.1.0",
        "@docusaurus/plugin-client-redirects": "^3.1.0",
        "@docusaurus/preset-classic": "^3.1.0",
        "@types/jest": "^26.0.20",
        "@types/lodash": "^4.14.168",
        "@typescript-eslint/eslint-plugin": "^7.18.0",
        "@typescript-eslint/parser": "^7.18.0",
        "eslint": "^8.30.0",
        "eslint-config-prettier": "^8.5.0",
        "eslint-plugin-import": "^2.26.0",
        "eslint-plugin-prettier": "^4.2.1",
        "jest": "^29.7.0",
        "prettier": "^2.8.1",
        "ts-jest": "^29.1.5",
        "typescript": "^5.7.2"
      },
      "engines": {
        "node": ">= 8.0.0"
      }
    },
    "../node_modules/.pnpm/express@4.21.2/node_modules/express": {
      "version": "4.21.2",
      "license": "MIT",
      "dependencies": {
        "accepts": "~1.3.8",
        "array-flatten": "1.1.1",
        "body-parser": "1.20.3",
        "content-disposition": "0.5.4",
        "content-type": "~1.0.4",
        "cookie": "0.7.1",
        "cookie-signature": "1.0.6",
        "debug": "2.6.9",
        "depd": "2.0.0",
        "encodeurl": "~2.0.0",
        "escape-html": "~1.0.3",
        "etag": "~1.8.1",
        "finalhandler": "1.3.1",
        "fresh": "0.5.2",
        "http-errors": "2.0.0",
        "merge-descriptors": "1.0.3",
        "methods": "~1.1.2",
        "on-finished": "2.4.1",
        "parseurl": "~1.3.3",
        "path-to-regexp": "0.1.12",
        "proxy-addr": "~2.0.7",
        "qs": "6.13.0",
        "range-parser": "~1.2.1",
        "safe-buffer": "5.2.1",
        "send": "0.19.0",
        "serve-static": "1.16.2",
        "setprototypeof": "1.2.0",
        "statuses": "2.0.1",
        "type-is": "~1.6.18",
        "utils-merge": "1.0.1",
        "vary": "~1.1.2"
      },
      "devDependencies": {
        "after": "0.8.2",
        "connect-redis": "3.4.2",
        "cookie-parser": "1.4.6",
        "cookie-session": "2.0.0",
        "ejs": "3.1.9",
        "eslint": "8.47.0",
        "express-session": "1.17.2",
        "hbs": "4.2.0",
        "marked": "0.7.0",
        "method-override": "3.0.0",
        "mocha": "10.2.0",
        "morgan": "1.10.0",
        "nyc": "15.1.0",
        "pbkdf2-password": "1.2.1",
        "supertest": "6.3.0",
        "vhost": "~3.0.2"
      },
      "engines": {
        "node": ">= 0.10.0"
      },
      "funding": {
        "type": "opencollective",
        "url": "https://opencollective.com/express"
      }
    },
    "../node_modules/.pnpm/helmet@7.2.0/node_modules/helmet": {
      "version": "7.2.0",
      "license": "MIT",
      "engines": {
        "node": ">=16.0.0"
      }
    },
    "../node_modules/.pnpm/husky@9.1.7/node_modules/husky": {
      "version": "9.1.7",
      "dev": true,
      "license": "MIT",
      "bin": {
        "husky": "bin.js"
      },
      "engines": {
        "node": ">=18"
      },
      "funding": {
        "url": "https://github.com/sponsors/typicode"
      }
    },
    "../node_modules/.pnpm/jsonwebtoken@9.0.2/node_modules/jsonwebtoken": {
      "version": "9.0.2",
      "license": "MIT",
      "dependencies": {
        "jws": "^3.2.2",
        "lodash.includes": "^4.3.0",
        "lodash.isboolean": "^3.0.3",
        "lodash.isinteger": "^4.0.4",
        "lodash.isnumber": "^3.0.3",
        "lodash.isplainobject": "^4.0.6",
        "lodash.isstring": "^4.0.1",
        "lodash.once": "^4.0.0",
        "ms": "^2.1.1",
        "semver": "^7.5.4"
      },
      "devDependencies": {
        "atob": "^2.1.2",
        "chai": "^4.1.2",
        "conventional-changelog": "~1.1.0",
        "cost-of-modules": "^1.0.1",
        "eslint": "^4.19.1",
        "mocha": "^5.2.0",
        "nsp": "^2.6.2",
        "nyc": "^11.9.0",
        "sinon": "^6.0.0"
      },
      "engines": {
        "node": ">=12",
        "npm": ">=6"
      }
    },
    "../node_modules/.pnpm/morgan@1.10.1/node_modules/morgan": {
      "version": "1.10.1",
      "license": "MIT",
      "dependencies": {
        "basic-auth": "~2.0.1",
        "debug": "2.6.9",
        "depd": "~2.0.0",
        "on-finished": "~2.3.0",
        "on-headers": "~1.1.0"
      },
      "devDependencies": {
        "eslint": "6.8.0",
        "eslint-config-standard": "14.1.1",
        "eslint-plugin-import": "2.20.2",
        "eslint-plugin-markdown": "1.0.2",
        "eslint-plugin-node": "11.1.0",
        "eslint-plugin-promise": "4.2.1",
        "eslint-plugin-standard": "4.0.1",
        "mocha": "10.4.0",
        "nyc": "15.1.0",
        "split": "1.0.1",
        "supertest": "4.0.2"
      },
      "engines": {
        "node": ">= 0.8.0"
      }
    },
    "../node_modules/.pnpm/multer@1.4.5-lts.2/node_modules/multer": {
      "version": "1.4.5-lts.2",
      "license": "MIT",
      "dependencies": {
        "append-field": "^1.0.0",
        "busboy": "^1.0.0",
        "concat-stream": "^1.5.2",
        "mkdirp": "^0.5.4",
        "object-assign": "^4.1.1",
        "type-is": "^1.6.4",
        "xtend": "^4.0.0"
      },
      "devDependencies": {
        "deep-equal": "^2.0.3",
        "express": "^4.13.1",
        "form-data": "^1.0.0-rc1",
        "fs-temp": "^1.1.2",
        "mocha": "^3.5.3",
        "rimraf": "^2.4.1",
        "standard": "^14.3.3",
        "testdata-w3c-json-form": "^1.0.0"
      },
      "engines": {
        "node": ">= 6.0.0"
      }
    },
    "../node_modules/.pnpm/nodemon@3.1.11/node_modules/nodemon": {
      "version": "3.1.11",
      "dev": true,
      "license": "MIT",
      "dependencies": {
        "chokidar": "^3.5.2",
        "debug": "^4",
        "ignore-by-default": "^1.0.1",
        "minimatch": "^3.1.2",
        "pstree.remy": "^1.1.8",
        "semver": "^7.5.3",
        "simple-update-notifier": "^2.0.0",
        "supports-color": "^5.5.0",
        "touch": "^3.1.0",
        "undefsafe": "^2.0.5"
      },
      "bin": {
        "nodemon": "bin/nodemon.js"
      },
      "devDependencies": {
        "@commitlint/cli": "^11.0.0",
        "@commitlint/config-conventional": "^11.0.0",
        "async": "1.4.2",
        "coffee-script": "~1.7.1",
        "eslint": "^7.32.0",
        "husky": "^7.0.4",
        "mocha": "^2.5.3",
        "nyc": "^15.1.0",
        "proxyquire": "^1.8.0",
        "semantic-release": "^18.0.0",
        "should": "~4.0.0"
      },
      "engines": {
        "node": ">=10"
      },
      "funding": {
        "type": "opencollective",
        "url": "https://opencollective.com/nodemon"
      }
    },
    "../node_modules/.pnpm/pg@8.16.3/node_modules/pg": {
      "version": "8.16.3",
      "license": "MIT",
      "dependencies": {
        "pg-connection-string": "^2.9.1",
        "pg-pool": "^3.10.1",
        "pg-protocol": "^1.10.3",
        "pg-types": "2.2.0",
        "pgpass": "1.0.5"
      },
      "devDependencies": {
        "@cloudflare/vitest-pool-workers": "0.8.23",
        "@cloudflare/workers-types": "^4.20230404.0",
        "async": "2.6.4",
        "bluebird": "3.7.2",
        "co": "4.6.0",
        "pg-copy-streams": "0.3.0",
        "typescript": "^4.0.3",
        "vitest": "~3.0.9",
        "wrangler": "^3.x"
      },
      "engines": {
        "node": ">= 16.0.0"
      },
      "optionalDependencies": {
        "pg-cloudflare": "^1.2.7"
      },
      "peerDependencies": {
        "pg-native": ">=3.0.1"
      },
      "peerDependenciesMeta": {
        "pg-native": {
          "optional": true
        }
      }
    },
    "../node_modules/.pnpm/reflect-metadata@0.2.2/node_modules/reflect-metadata": {
      "version": "0.2.2",
      "license": "Apache-2.0",
      "devDependencies": {
        "@types/chai": "^3.4.34",
        "@types/mocha": "^2.2.34",
        "@types/node": "^10.17.60",
        "chai": "^3.5.0",
        "del": "^2.2.2",
        "ecmarkup": "^3.9.3",
        "gulp": "^3.9.1",
        "gulp-emu": "^1.1.0",
        "gulp-live-server": "0.0.30",
        "gulp-mocha": "^3.0.1",
        "gulp-rename": "^1.2.2",
        "gulp-sequence": "^0.4.6",
        "gulp-tsb": "^2.0.3",
        "mocha": "^3.2.0",
        "typescript": "^2.1.4"
      }
    },
    "../node_modules/.pnpm/typeorm@0.3.27_pg@8.16.3_reflect-metadata@0.2.2/node_modules/typeorm": {
      "version": "0.3.27",
      "license": "MIT",
      "dependencies": {
        "@sqltools/formatter": "^1.2.5",
        "ansis": "^3.17.0",
        "app-root-path": "^3.1.0",
        "buffer": "^6.0.3",
        "dayjs": "^1.11.13",
        "debug": "^4.4.0",
        "dedent": "^1.6.0",
        "dotenv": "^16.4.7",
        "glob": "^10.4.5",
        "sha.js": "^2.4.12",
        "sql-highlight": "^6.0.0",
        "tslib": "^2.8.1",
        "uuid": "^11.1.0",
        "yargs": "^17.7.2"
      },
      "bin": {
        "typeorm": "cli.js",
        "typeorm-ts-node-commonjs": "cli-ts-node-commonjs.js",
        "typeorm-ts-node-esm": "cli-ts-node-esm.js"
      },
      "devDependencies": {
        "@eslint/js": "^9.29.0",
        "@sap/hana-client": "^2.25.22",
        "@tsconfig/node16": "^16.1.4",
        "@types/chai": "^4.3.20",
        "@types/chai-as-promised": "^7.1.8",
        "@types/debug": "^4.1.12",
        "@types/gulp-rename": "^2.0.6",
        "@types/gulp-sourcemaps": "^0.0.38",
        "@types/mocha": "^10.0.10",
        "@types/node": "^16.18.126",
        "@types/sha.js": "^2.4.4",
        "@types/sinon": "^10.0.20",
        "@types/sinon-chai": "^4.0.0",
        "@types/source-map-support": "^0.5.10",
        "@types/yargs": "^17.0.33",
        "better-sqlite3": "^8.7.0",
        "chai": "^4.5.0",
        "chai-as-promised": "^7.1.2",
        "class-transformer": "^0.5.1",
        "eslint": "^9.29.0",
        "globals": "^16.2.0",
        "gulp": "^4.0.2",
        "gulp-rename": "^2.0.0",
        "gulp-replace": "^1.1.4",
        "gulp-shell": "^0.8.0",
        "gulp-sourcemaps": "^3.0.0",
        "gulp-typescript": "^6.0.0-alpha.1",
        "gulpclass": "^0.2.0",
        "husky": "^9.1.7",
        "lint-staged": "^15.5.2",
        "mocha": "^10.8.2",
        "mongodb": "^6.15.0",
        "mssql": "^11.0.1",
        "mysql": "^2.18.1",
        "mysql2": "^3.14.2",
        "nyc": "^17.1.0",
        "oracledb": "^6.8.0",
        "pg": "^8.14.1",
        "pg-query-stream": "^4.8.1",
        "pkg-pr-new": "^0.0.43",
        "prettier": "^2.8.8",
        "redis": "^5.7.0",
        "reflect-metadata": "^0.2.2",
        "remap-istanbul": "^0.13.0",
        "rimraf": "^5.0.10",
        "sinon": "^15.2.0",
        "sinon-chai": "^3.7.0",
        "sort-package-json": "^2.15.1",
        "source-map-support": "^0.5.21",
        "sql.js": "^1.13.0",
        "sqlite3": "^5.1.7",
        "standard-changelog": "^6.0.0",
        "ts-node": "^10.9.2",
        "typescript": "^5.8.3",
        "typescript-eslint": "^8.34.1"
      },
      "engines": {
        "node": ">=16.13.0"
      },
      "funding": {
        "url": "https://opencollective.com/typeorm"
      },
      "peerDependencies": {
        "@google-cloud/spanner": "^5.18.0 || ^6.0.0 || ^7.0.0",
        "@sap/hana-client": "^2.14.22",
        "better-sqlite3": "^8.0.0 || ^9.0.0 || ^10.0.0 || ^11.0.0 || ^12.0.0",
        "ioredis": "^5.0.4",
        "mongodb": "^5.8.0 || ^6.0.0",
        "mssql": "^9.1.1 || ^10.0.1 || ^11.0.1",
        "mysql2": "^2.2.5 || ^3.0.1",
        "oracledb": "^6.3.0",
        "pg": "^8.5.1",
        "pg-native": "^3.0.0",
        "pg-query-stream": "^4.0.0",
        "redis": "^3.1.1 || ^4.0.0 || ^5.0.14",
        "reflect-metadata": "^0.1.14 || ^0.2.0",
        "sql.js": "^1.4.0",
        "sqlite3": "^5.0.3",
        "ts-node": "^10.7.0",
        "typeorm-aurora-data-api-driver": "^2.0.0 || ^3.0.0"
      },
      "peerDependenciesMeta": {
        "@google-cloud/spanner": {
          "optional": true
        },
        "@sap/hana-client": {
          "optional": true
        },
        "better-sqlite3": {
          "optional": true
        },
        "ioredis": {
          "optional": true
        },
        "mongodb": {
          "optional": true
        },
        "mssql": {
          "optional": true
        },
        "mysql2": {
          "optional": true
        },
        "oracledb": {
          "optional": true
        },
        "pg": {
          "optional": true
        },
        "pg-native": {
          "optional": true
        },
        "pg-query-stream": {
          "optional": true
        },
        "redis": {
          "optional": true
        },
        "sql.js": {
          "optional": true
        },
        "sqlite3": {
          "optional": true
        },
        "ts-node": {
          "optional": true
        },
        "typeorm-aurora-data-api-driver": {
          "optional": true
        }
      }
    },
    "node_modules/@supabase/supabase-js": {
      "resolved": "../node_modules/.pnpm/@supabase+supabase-js@2.81.1/node_modules/@supabase/supabase-js",
      "link": true
    },
    "node_modules/@types/node": {
      "resolved": "../node_modules/.pnpm/@types+node@24.10.1/node_modules/@types/node",
      "link": true
    },
    "node_modules/bcrypt": {
      "resolved": "../node_modules/.pnpm/bcrypt@6.0.0/node_modules/bcrypt",
      "link": true
    },
    "node_modules/bcryptjs": {
      "resolved": "../node_modules/.pnpm/bcryptjs@2.4.3/node_modules/bcryptjs",
      "link": true
    },
    "node_modules/cloudinary": {
      "version": "2.8.0",
      "resolved": "https://registry.npmjs.org/cloudinary/-/cloudinary-2.8.0.tgz",
      "integrity": "sha512-s7frvR0HnQXeJsQSIsbLa/I09IMb1lOnVLEDH5b5E53WTiCYgrNNOBGV/i/nLHwrcEOUkqjfSwP1+enXWNYmdw==",
      "license": "MIT",
      "dependencies": {
        "lodash": "^4.17.21",
        "q": "^1.5.1"
      },
      "engines": {
        "node": ">=9"
      }
    },
    "node_modules/compression": {
      "resolved": "../node_modules/.pnpm/compression@1.8.1/node_modules/compression",
      "link": true
    },
    "node_modules/cookie-parser": {
      "resolved": "../node_modules/.pnpm/cookie-parser@1.4.7/node_modules/cookie-parser",
      "link": true
    },
    "node_modules/cors": {
      "resolved": "../node_modules/.pnpm/cors@2.8.5/node_modules/cors",
      "link": true
    },
    "node_modules/dotenv": {
      "resolved": "../node_modules/.pnpm/dotenv@16.6.1/node_modules/dotenv",
      "link": true
    },
    "node_modules/express": {
      "resolved": "../node_modules/.pnpm/express@4.21.2/node_modules/express",
      "link": true
    },
    "node_modules/express-validator": {
      "resolved": "../node_modules/.pnpm/express-validator@7.3.0/node_modules/express-validator",
      "link": true
    },
    "node_modules/helmet": {
      "resolved": "../node_modules/.pnpm/helmet@7.2.0/node_modules/helmet",
      "link": true
    },
    "node_modules/husky": {
      "resolved": "../node_modules/.pnpm/husky@9.1.7/node_modules/husky",
      "link": true
    },
    "node_modules/jsonwebtoken": {
      "resolved": "../node_modules/.pnpm/jsonwebtoken@9.0.2/node_modules/jsonwebtoken",
      "link": true
    },
    "node_modules/lodash": {
      "version": "4.17.21",
      "resolved": "https://registry.npmjs.org/lodash/-/lodash-4.17.21.tgz",
      "integrity": "sha512-v2kDEe57lecTulaDIuNTPy3Ry4gLGJ6Z1O3vE1krgXZNrsQ+LFTGHVxVjcXPs17LhbZVGedAJv8XZ1tvj5FvSg==",
      "license": "MIT"
    },
    "node_modules/morgan": {
      "resolved": "../node_modules/.pnpm/morgan@1.10.1/node_modules/morgan",
      "link": true
    },
    "node_modules/multer": {
      "resolved": "../node_modules/.pnpm/multer@1.4.5-lts.2/node_modules/multer",
      "link": true
    },
    "node_modules/nodemon": {
      "resolved": "../node_modules/.pnpm/nodemon@3.1.11/node_modules/nodemon",
      "link": true
    },
    "node_modules/pg": {
      "resolved": "../node_modules/.pnpm/pg@8.16.3/node_modules/pg",
      "link": true
    },
    "node_modules/q": {
      "version": "1.5.1",
      "resolved": "https://registry.npmjs.org/q/-/q-1.5.1.tgz",
      "integrity": "sha512-kV/CThkXo6xyFEZUugw/+pIOywXcDbFYgSct5cT3gqlbkBE1SJdwy6UQoZvodiWF/ckQLZyDE/Bu1M6gVu5lVw==",
      "deprecated": "You or someone you depend on is using Q, the JavaScript Promise library that gave JavaScript developers strong feelings about promises. They can almost certainly migrate to the native JavaScript promise now. Thank you literally everyone for joining me in this bet against the odds. Be excellent to each other.\n\n(For a CapTP with native promises, see @endo/eventual-send and @endo/captp)",
      "license": "MIT",
      "engines": {
        "node": ">=0.6.0",
        "teleport": ">=0.2.0"
      }
    },
    "node_modules/reflect-metadata": {
      "resolved": "../node_modules/.pnpm/reflect-metadata@0.2.2/node_modules/reflect-metadata",
      "link": true
    },
    "node_modules/streamifier": {
      "version": "0.1.1",
      "resolved": "https://registry.npmjs.org/streamifier/-/streamifier-0.1.1.tgz",
      "integrity": "sha512-zDgl+muIlWzXNsXeyUfOk9dChMjlpkq0DRsxujtYPgyJ676yQ8jEm6zzaaWHFDg5BNcLuif0eD2MTyJdZqXpdg==",
      "license": "MIT",
      "engines": {
        "node": ">=0.10"
      }
    },
    "node_modules/typeorm": {
      "resolved": "../node_modules/.pnpm/typeorm@0.3.27_pg@8.16.3_reflect-metadata@0.2.2/node_modules/typeorm",
      "link": true
    }
  }
}
